
Microsoft Visual Studio Solution File, Format Version 12.00
# Visual Studio Version 17
VisualStudioVersion = 17.14.36804.6 d17.14
MinimumVisualStudioVersion = 10.0.40219.1
Project("{FAE04EC0-301F-11D3-BF4B-00C04F79EFBC}") = "WebApplication1", "WebApplication1\WebApplication1.csproj", "{FB8DBA21-2E41-4D47-B8D8-01A6B90F997D}"
EndProject
Global
	GlobalSection(SolutionConfigurationPlatforms) = preSolution
		Debug|Any CPU = Debug|Any CPU
		Release|Any CPU = Release|Any CPU
	EndGlobalSection
	GlobalSection(ProjectConfigurationPlatforms) = postSolution
		{FB8DBA21-2E41-4D47-B8D8-01A6B90F997D}.Debug|Any CPU.ActiveCfg = Debug|Any CPU
		{FB8DBA21-2E41-4D47-B8D8-01A6B90F997D}.Debug|Any CPU.Build.0 = Debug|Any CPU
		{FB8DBA21-2E41-4D47-B8D8-01A6B90F997D}.Release|Any CPU.ActiveCfg = Release|Any CPU
		{FB8DBA21-2E41-4D47-B8D8-01A6B90F997D}.Release|Any CPU.Build.0 = Release|Any CPU
	EndGlobalSection
	GlobalSection(SolutionProperties) = preSolution
		HideSolutionNode = FALSE
	EndGlobalSection
	GlobalSection(ExtensibilityGlobals) = postSolution
		SolutionGuid = {DB982ECF-65DA-43B5-A180-7EFA18A67B42}
	EndGlobalSection
EndGlobal
